// !$*UTF8*$!
{
	archiveVersion = 1;
	classes = {
	};
	objectVersion = 46;
	objects = {

/* Begin PBXBuildFile section */
		501B2E5C18A999E900DED09B /* くれいじー・ばいきん、オーストラリア.jpg in Resources */ = {isa = PBXBuildFile; fileRef = 501B2E1D18A999E900DED09B /* くれいじー・ばいきん、オーストラリア.jpg */; };
		501B2E5D18A999E900DED09B /* どくとるアイアイと謎の島マダガスカル.jpg in Resources */ = {isa = PBXBuildFile; fileRef = 501B2E1E18A999E900DED09B /* どくとるアイアイと謎の島マダガスカル.jpg */; };
		501B2E5E18A999E900DED09B /* やった。―4年3カ月も有給休暇をもらって世界一周5万5000キロを自転車で走ってきちゃった男.jpg in Resources */ = {isa = PBXBuildFile; fileRef = 501B2E1F18A999E900DED09B /* やった。―4年3カ月も有給休暇をもらって世界一周5万5000キロを自転車で走ってきちゃった男.jpg */; };
		501B2E5F18A999E900DED09B /* アボリジニの教え―大地と宇宙をつなぐ精霊の知恵.jpg in Resources */ = {isa = PBXBuildFile; fileRef = 501B2E2018A999E900DED09B /* アボリジニの教え―大地と宇宙をつなぐ精霊の知恵.jpg */; };
		501B2E6018A999E900DED09B /* エヴァー・スマイル、ニュージャージー.jpg in Resources */ = {isa = PBXBuildFile; fileRef = 501B2E2118A999E900DED09B /* エヴァー・スマイル、ニュージャージー.jpg */; };
		501B2E6118A999E900DED09B /* ガンジス河でバタフライ.jpg in Resources */ = {isa = PBXBuildFile; fileRef = 501B2E2218A999E900DED09B /* ガンジス河でバタフライ.jpg */; };
		501B2E6218A999E900DED09B /* カンボジアからやってきたワンディ.jpg in Resources */ = {isa = PBXBuildFile; fileRef = 501B2E2318A999E900DED09B /* カンボジアからやってきたワンディ.jpg */; };
		501B2E6318A999E900DED09B /* カールじいさんの空飛ぶ家.jpg in Resources */ = {isa = PBXBuildFile; fileRef = 501B2E2418A999E900DED09B /* カールじいさんの空飛ぶ家.jpg */; };
		501B2E6418A999E900DED09B /* グレートオーシャンロード.jpg in Resources */ = {isa = PBXBuildFile; fileRef = 501B2E2518A999E900DED09B /* グレートオーシャンロード.jpg */; };
		501B2E6518A999E900DED09B /* サウンドオブミュージック.jpg in Resources */ = {isa = PBXBuildFile; fileRef = 501B2E2618A999E900DED09B /* サウンドオブミュージック.jpg */; };
		501B2E6618A999E900DED09B /* サハラに死す.jpg in Resources */ = {isa = PBXBuildFile; fileRef = 501B2E2718A999E900DED09B /* サハラに死す.jpg */; };
		501B2E6718A999E900DED09B /* サハラ砂漠の秘密.jpg in Resources */ = {isa = PBXBuildFile; fileRef = 501B2E2818A999E900DED09B /* サハラ砂漠の秘密.jpg */; };
		501B2E6818A999E900DED09B /* ジョニーベアー―イエローストーンの子グマ (シートン動物記 1).jpg in Resources */ = {isa = PBXBuildFile; fileRef = 501B2E2918A999E900DED09B /* ジョニーベアー―イエローストーンの子グマ (シートン動物記 1).jpg */; };
		501B2E6918A999E900DED09B /* ジョードプル.jpeg in Resources */ = {isa = PBXBuildFile; fileRef = 501B2E2A18A999E900DED09B /* ジョードプル.jpeg */; };
		501B2E6A18A999E900DED09B /* ダライ・ラマに恋して.jpg in Resources */ = {isa = PBXBuildFile; fileRef = 501B2E2B18A999E900DED09B /* ダライ・ラマに恋して.jpg */; };
		501B2E6B18A999E900DED09B /* ダークナイトライジング.jpg in Resources */ = {isa = PBXBuildFile; fileRef = 501B2E2C18A999E900DED09B /* ダークナイトライジング.jpg */; };
		501B2E6C18A999E900DED09B /* チベット旅行記.jpg in Resources */ = {isa = PBXBuildFile; fileRef = 501B2E2D18A999E900DED09B /* チベット旅行記.jpg */; };
		501B2E6D18A999E900DED09B /* ナスカの壷　ペルーからの手紙 .jpg in Resources */ = {isa = PBXBuildFile; fileRef = 501B2E2E18A999E900DED09B /* ナスカの壷　ペルーからの手紙 .jpg */; };
		501B2E6E18A999E900DED09B /* ナバイオビーチ.png in Resources */ = {isa = PBXBuildFile; fileRef = 501B2E2F18A999E900DED09B /* ナバイオビーチ.png */; };
		501B2E6F18A999E900DED09B /* パタゴニアを行く―世界でもっとも美しい大地.jpg in Resources */ = {isa = PBXBuildFile; fileRef = 501B2E3018A999E900DED09B /* パタゴニアを行く―世界でもっとも美しい大地.jpg */; };
		501B2E7018A999E900DED09B /* パチャママの贈りもの.jpg in Resources */ = {isa = PBXBuildFile; fileRef = 501B2E3118A999E900DED09B /* パチャママの贈りもの.jpg */; };
		501B2E7118A999E900DED09B /* ハート・ブルー.jpg in Resources */ = {isa = PBXBuildFile; fileRef = 501B2E3218A999E900DED09B /* ハート・ブルー.jpg */; };
		501B2E7218A999E900DED09B /* フォレスト・ガンプ .jpg in Resources */ = {isa = PBXBuildFile; fileRef = 501B2E3318A999E900DED09B /* フォレスト・ガンプ .jpg */; };
		501B2E7318A999E900DED09B /* ボリビアを知るための68章.jpg in Resources */ = {isa = PBXBuildFile; fileRef = 501B2E3418A999E900DED09B /* ボリビアを知るための68章.jpg */; };
		501B2E7418A999E900DED09B /* マダガスカル.jpg in Resources */ = {isa = PBXBuildFile; fileRef = 501B2E3518A999E900DED09B /* マダガスカル.jpg */; };
		501B2E7518A999E900DED09B /* マチュピチュ (写真でわかる謎への旅) .jpg in Resources */ = {isa = PBXBuildFile; fileRef = 501B2E3618A999E900DED09B /* マチュピチュ (写真でわかる謎への旅) .jpg */; };
		501B2E7618A999E900DED09B /* モーターサイクルダイアリーズ.jpg in Resources */ = {isa = PBXBuildFile; fileRef = 501B2E3718A999E900DED09B /* モーターサイクルダイアリーズ.jpg */; };
		501B2E7718A999E900DED09B /* ラダックの風息.jpg in Resources */ = {isa = PBXBuildFile; fileRef = 501B2E3818A999E900DED09B /* ラダックの風息.jpg */; };
		501B2E7818A999E900DED09B /* リヤカーマン アンデスを越える―アタカマ砂漠、アンデス山脈越え1000キロ徒歩横断.jpg in Resources */ = {isa = PBXBuildFile; fileRef = 501B2E3918A999E900DED09B /* リヤカーマン アンデスを越える―アタカマ砂漠、アンデス山脈越え1000キロ徒歩横断.jpg */; };
		501B2E7918A999E900DED09B /* 世界の中心で、愛をさけぶ スタンダード.jpg in Resources */ = {isa = PBXBuildFile; fileRef = 501B2E3A18A999E900DED09B /* 世界の中心で、愛をさけぶ スタンダード.jpg */; };
		501B2E7A18A999E900DED09B /* 中世都市ドゥブロヴニク―アドリア海の東西交易.jpg in Resources */ = {isa = PBXBuildFile; fileRef = 501B2E3B18A999E900DED09B /* 中世都市ドゥブロヴニク―アドリア海の東西交易.jpg */; };
		501B2E7B18A999E900DED09B /* 僕たちは世界を変えることができない.jpg in Resources */ = {isa = PBXBuildFile; fileRef = 501B2E3C18A999E900DED09B /* 僕たちは世界を変えることができない.jpg */; };
		501B2E7C18A999E900DED09B /* 北アルプス テントを背中に山の旅へ .jpg in Resources */ = {isa = PBXBuildFile; fileRef = 501B2E3D18A999E900DED09B /* 北アルプス テントを背中に山の旅へ .jpg */; };
		501B2E7D18A999E900DED09B /* 地中海の光ベスト50--世界の名景.jpg in Resources */ = {isa = PBXBuildFile; fileRef = 501B2E3E18A999E900DED09B /* 地中海の光ベスト50--世界の名景.jpg */; };
		501B2E7E18A999E900DED09B /* 失われた世界.jpg in Resources */ = {isa = PBXBuildFile; fileRef = 501B2E3F18A999E900DED09B /* 失われた世界.jpg */; };
		501B2E7F18A999E900DED09B /* 懐かしい未来 ラダックから学ぶ.jpg in Resources */ = {isa = PBXBuildFile; fileRef = 501B2E4018A999E900DED09B /* 懐かしい未来 ラダックから学ぶ.jpg */; };
		501B2E8018A999E900DED09B /* 旅へ！アジアへ！2.jpg in Resources */ = {isa = PBXBuildFile; fileRef = 501B2E4118A999E900DED09B /* 旅へ！アジアへ！2.jpg */; };
		501B2E8118A999E900DED09B /* 星の王子様.jpg in Resources */ = {isa = PBXBuildFile; fileRef = 501B2E4218A999E900DED09B /* 星の王子様.jpg */; };
		501B2E8218A999E900DED09B /* 死ぬまでに行きたい! 世界の絶景.jpg in Resources */ = {isa = PBXBuildFile; fileRef = 501B2E4318A999E900DED09B /* 死ぬまでに行きたい! 世界の絶景.jpg */; };
		501B2E8318A999E900DED09B /* 深い河.jpg in Resources */ = {isa = PBXBuildFile; fileRef = 501B2E4418A999E900DED09B /* 深い河.jpg */; };
		501B2E8418A999E900DED09B /* 深夜特急.jpg in Resources */ = {isa = PBXBuildFile; fileRef = 501B2E4518A999E900DED09B /* 深夜特急.jpg */; };
		501B2E8518A999E900DED09B /* 紅の豚.jpg in Resources */ = {isa = PBXBuildFile; fileRef = 501B2E4618A999E900DED09B /* 紅の豚.jpg */; };
		501B2E8618A999E900DED09B /* 駅馬車.jpg in Resources */ = {isa = PBXBuildFile; fileRef = 501B2E4718A999E900DED09B /* 駅馬車.jpg */; };
		501B2E8718A999E900DED09B /* 魔女の宅急便.jpg in Resources */ = {isa = PBXBuildFile; fileRef = 501B2E4818A999E900DED09B /* 魔女の宅急便.jpg */; };
		501B2E8818A999E900DED09B /* アジア.jpg in Resources */ = {isa = PBXBuildFile; fileRef = 501B2E4A18A999E900DED09B /* アジア.jpg */; };
		501B2E8918A999E900DED09B /* アタカマ砂漠.jpg in Resources */ = {isa = PBXBuildFile; fileRef = 501B2E4B18A999E900DED09B /* アタカマ砂漠.jpg */; };
		501B2E8A18A999E900DED09B /* アルプス.jpeg in Resources */ = {isa = PBXBuildFile; fileRef = 501B2E4C18A999E900DED09B /* アルプス.jpeg */; };
		501B2E8B18A999E900DED09B /* アンテロープキャニオン.jpeg in Resources */ = {isa = PBXBuildFile; fileRef = 501B2E4D18A999E900DED09B /* アンテロープキャニオン.jpeg */; };
		501B2E8C18A999E900DED09B /* イエローストーン.png in Resources */ = {isa = PBXBuildFile; fileRef = 501B2E4E18A999E900DED09B /* イエローストーン.png */; };
		501B2E8D18A999E900DED09B /* ウユニ.jpg in Resources */ = {isa = PBXBuildFile; fileRef = 501B2E4F18A999E900DED09B /* ウユニ.jpg */; };
		501B2E8E18A999E900DED09B /* エアーズロック.jpg in Resources */ = {isa = PBXBuildFile; fileRef = 501B2E5018A999E900DED09B /* エアーズロック.jpg */; };
		501B2E8F18A999E900DED09B /* ガンジス.jpg in Resources */ = {isa = PBXBuildFile; fileRef = 501B2E5118A999E900DED09B /* ガンジス.jpg */; };
		501B2E9018A999E900DED09B /* サハラ砂漠.jpeg in Resources */ = {isa = PBXBuildFile; fileRef = 501B2E5218A999E900DED09B /* サハラ砂漠.jpeg */; };
		501B2E9118A999E900DED09B /* チベット.jpg in Resources */ = {isa = PBXBuildFile; fileRef = 501B2E5318A999E900DED09B /* チベット.jpg */; };
		501B2E9218A999E900DED09B /* ドブロブニク.png in Resources */ = {isa = PBXBuildFile; fileRef = 501B2E5418A999E900DED09B /* ドブロブニク.png */; };
		501B2E9318A999E900DED09B /* プノンペン.jpeg in Resources */ = {isa = PBXBuildFile; fileRef = 501B2E5518A999E900DED09B /* プノンペン.jpeg */; };
		501B2E9418A999E900DED09B /* フィッツロイ.jpg in Resources */ = {isa = PBXBuildFile; fileRef = 501B2E5618A999E900DED09B /* フィッツロイ.jpg */; };
		501B2E9518A999E900DED09B /* ペリトモレノ.jpg in Resources */ = {isa = PBXBuildFile; fileRef = 501B2E5718A999E900DED09B /* ペリトモレノ.jpg */; };
		501B2E9618A999E900DED09B /* マチュピチュ.jpeg in Resources */ = {isa = PBXBuildFile; fileRef = 501B2E5818A999E900DED09B /* マチュピチュ.jpeg */; };
		501B2E9718A999E900DED09B /* ラダック.jpeg in Resources */ = {isa = PBXBuildFile; fileRef = 501B2E5918A999E900DED09B /* ラダック.jpeg */; };
		501B2E9818A999E900DED09B /* ロライマ山.jpeg in Resources */ = {isa = PBXBuildFile; fileRef = 501B2E5A18A999E900DED09B /* ロライマ山.jpeg */; };
		501B2E9918A999E900DED09B /* 地球.jpg in Resources */ = {isa = PBXBuildFile; fileRef = 501B2E5B18A999E900DED09B /* 地球.jpg */; };
		50303D2818C1911E00C4BE2A /* JPSThumbnailAnnotation.m in Sources */ = {isa = PBXBuildFile; fileRef = 50303D2418C1911E00C4BE2A /* JPSThumbnailAnnotation.m */; };
		50303D2918C1911E00C4BE2A /* JPSThumbnailAnnotationView.m in Sources */ = {isa = PBXBuildFile; fileRef = 50303D2618C1911E00C4BE2A /* JPSThumbnailAnnotationView.m */; };
		50303D2A18C1911E00C4BE2A /* JPSThumnail.m in Sources */ = {isa = PBXBuildFile; fileRef = 50303D2718C1911E00C4BE2A /* JPSThumnail.m */; };
		5090884318C19E9200DB1BEF /* DetailViewController.m in Sources */ = {isa = PBXBuildFile; fileRef = 5090884218C19E9200DB1BEF /* DetailViewController.m */; };
		5090884518C1A11800DB1BEF /* TravelAndBook.app in Resources */ = {isa = PBXBuildFile; fileRef = 50CDA35618A84360006D8C60 /* TravelAndBook.app */; };
		5090884618C1A11E00DB1BEF /* TravelAndBook.app in Resources */ = {isa = PBXBuildFile; fileRef = 50CDA35618A84360006D8C60 /* TravelAndBook.app */; };
		5090884718C1A12100DB1BEF /* TravelAndBookTests.xctest in Resources */ = {isa = PBXBuildFile; fileRef = 50CDA37A18A84360006D8C60 /* TravelAndBookTests.xctest */; };
		50CA4F1718C1A266001B6509 /* Main.storyboard in Resources */ = {isa = PBXBuildFile; fileRef = 50CDA36B18A84360006D8C60 /* Main.storyboard */; };
		50CDA35A18A84360006D8C60 /* Foundation.framework in Frameworks */ = {isa = PBXBuildFile; fileRef = 50CDA35918A84360006D8C60 /* Foundation.framework */; };
		50CDA35C18A84360006D8C60 /* CoreGraphics.framework in Frameworks */ = {isa = PBXBuildFile; fileRef = 50CDA35B18A84360006D8C60 /* CoreGraphics.framework */; };
		50CDA35E18A84360006D8C60 /* UIKit.framework in Frameworks */ = {isa = PBXBuildFile; fileRef = 50CDA35D18A84360006D8C60 /* UIKit.framework */; };
		50CDA36418A84360006D8C60 /* InfoPlist.strings in Resources */ = {isa = PBXBuildFile; fileRef = 50CDA36218A84360006D8C60 /* InfoPlist.strings */; };
		50CDA36618A84360006D8C60 /* main.m in Sources */ = {isa = PBXBuildFile; fileRef = 50CDA36518A84360006D8C60 /* main.m */; };
		50CDA36A18A84360006D8C60 /* AppDelegate.m in Sources */ = {isa = PBXBuildFile; fileRef = 50CDA36918A84360006D8C60 /* AppDelegate.m */; };
		50CDA37018A84360006D8C60 /* FirstViewController.m in Sources */ = {isa = PBXBuildFile; fileRef = 50CDA36F18A84360006D8C60 /* FirstViewController.m */; };
		50CDA37318A84360006D8C60 /* SecondViewController.m in Sources */ = {isa = PBXBuildFile; fileRef = 50CDA37218A84360006D8C60 /* SecondViewController.m */; };
		50CDA37518A84360006D8C60 /* Images.xcassets in Resources */ = {isa = PBXBuildFile; fileRef = 50CDA37418A84360006D8C60 /* Images.xcassets */; };
		50CDA37C18A84360006D8C60 /* XCTest.framework in Frameworks */ = {isa = PBXBuildFile; fileRef = 50CDA37B18A84360006D8C60 /* XCTest.framework */; };
		50CDA37D18A84361006D8C60 /* Foundation.framework in Frameworks */ = {isa = PBXBuildFile; fileRef = 50CDA35918A84360006D8C60 /* Foundation.framework */; };
		50CDA37E18A84361006D8C60 /* UIKit.framework in Frameworks */ = {isa = PBXBuildFile; fileRef = 50CDA35D18A84360006D8C60 /* UIKit.framework */; };
		50CDA38618A84361006D8C60 /* InfoPlist.strings in Resources */ = {isa = PBXBuildFile; fileRef = 50CDA38418A84361006D8C60 /* InfoPlist.strings */; };
		50CDA38818A84361006D8C60 /* TravelAndBookTests.m in Sources */ = {isa = PBXBuildFile; fileRef = 50CDA38718A84361006D8C60 /* TravelAndBookTests.m */; };
		50CDA39518A84703006D8C60 /* MapKit.framework in Frameworks */ = {isa = PBXBuildFile; fileRef = 50CDA39418A84703006D8C60 /* MapKit.framework */; };
		50CDA39D18A84B59006D8C60 /* JPSThumbnailAnnotation.m in Sources */ = {isa = PBXBuildFile; fileRef = 50CDA39918A84B59006D8C60 /* JPSThumbnailAnnotation.m */; };
		50CDA39E18A84B59006D8C60 /* JPSThumbnailAnnotationView.m in Sources */ = {isa = PBXBuildFile; fileRef = 50CDA39B18A84B59006D8C60 /* JPSThumbnailAnnotationView.m */; };
		50CDA39F18A84B59006D8C60 /* JPSThumnail.m in Sources */ = {isa = PBXBuildFile; fileRef = 50CDA39C18A84B59006D8C60 /* JPSThumnail.m */; };
/* End PBXBuildFile section */

/* Begin PBXContainerItemProxy section */
		50CDA37F18A84361006D8C60 /* PBXContainerItemProxy */ = {
			isa = PBXContainerItemProxy;
			containerPortal = 50CDA34E18A84360006D8C60 /* Project object */;
			proxyType = 1;
			remoteGlobalIDString = 50CDA35518A84360006D8C60;
			remoteInfo = TravelAndBook;
		};
/* End PBXContainerItemProxy section */

/* Begin PBXFileReference section */
		501B2E1D18A999E900DED09B /* くれいじー・ばいきん、オーストラリア.jpg */ = {isa = PBXFileReference; lastKnownFileType = image.jpeg; path = "くれいじー・ばいきん、オーストラリア.jpg"; sourceTree = "<group>"; };
		501B2E1E18A999E900DED09B /* どくとるアイアイと謎の島マダガスカル.jpg */ = {isa = PBXFileReference; lastKnownFileType = image.jpeg; path = "どくとるアイアイと謎の島マダガスカル.jpg"; sourceTree = "<group>"; };
		501B2E1F18A999E900DED09B /* やった。―4年3カ月も有給休暇をもらって世界一周5万5000キロを自転車で走ってきちゃった男.jpg */ = {isa = PBXFileReference; lastKnownFileType = image.jpeg; path = "やった。―4年3カ月も有給休暇をもらって世界一周5万5000キロを自転車で走ってきちゃった男.jpg"; sourceTree = "<group>"; };
		501B2E2018A999E900DED09B /* アボリジニの教え―大地と宇宙をつなぐ精霊の知恵.jpg */ = {isa = PBXFileReference; lastKnownFileType = image.jpeg; path = "アボリジニの教え―大地と宇宙をつなぐ精霊の知恵.jpg"; sourceTree = "<group>"; };
		501B2E2118A999E900DED09B /* エヴァー・スマイル、ニュージャージー.jpg */ = {isa = PBXFileReference; lastKnownFileType = image.jpeg; path = "エヴァー・スマイル、ニュージャージー.jpg"; sourceTree = "<group>"; };
		501B2E2218A999E900DED09B /* ガンジス河でバタフライ.jpg */ = {isa = PBXFileReference; lastKnownFileType = image.jpeg; path = "ガンジス河でバタフライ.jpg"; sourceTree = "<group>"; };
		501B2E2318A999E900DED09B /* カンボジアからやってきたワンディ.jpg */ = {isa = PBXFileReference; lastKnownFileType = image.jpeg; path = "カンボジアからやってきたワンディ.jpg"; sourceTree = "<group>"; };
		501B2E2418A999E900DED09B /* カールじいさんの空飛ぶ家.jpg */ = {isa = PBXFileReference; lastKnownFileType = image.jpeg; path = "カールじいさんの空飛ぶ家.jpg"; sourceTree = "<group>"; };
		501B2E2518A999E900DED09B /* グレートオーシャンロード.jpg */ = {isa = PBXFileReference; lastKnownFileType = image.jpeg; path = "グレートオーシャンロード.jpg"; sourceTree = "<group>"; };
		501B2E2618A999E900DED09B /* サウンドオブミュージック.jpg */ = {isa = PBXFileReference; lastKnownFileType = image.jpeg; path = "サウンドオブミュージック.jpg"; sourceTree = "<group>"; };
		501B2E2718A999E900DED09B /* サハラに死す.jpg */ = {isa = PBXFileReference; lastKnownFileType = image.jpeg; path = "サハラに死す.jpg"; sourceTree = "<group>"; };
		501B2E2818A999E900DED09B /* サハラ砂漠の秘密.jpg */ = {isa = PBXFileReference; lastKnownFileType = image.jpeg; path = "サハラ砂漠の秘密.jpg"; sourceTree = "<group>"; };
		501B2E2918A999E900DED09B /* ジョニーベアー―イエローストーンの子グマ (シートン動物記 1).jpg */ = {isa = PBXFileReference; lastKnownFileType = image.jpeg; path = "ジョニーベアー―イエローストーンの子グマ (シートン動物記 1).jpg"; sourceTree = "<group>"; };
		501B2E2A18A999E900DED09B /* ジョードプル.jpeg */ = {isa = PBXFileReference; lastKnownFileType = image.jpeg; path = "ジョードプル.jpeg"; sourceTree = "<group>"; };
		501B2E2B18A999E900DED09B /* ダライ・ラマに恋して.jpg */ = {isa = PBXFileReference; lastKnownFileType = image.jpeg; path = "ダライ・ラマに恋して.jpg"; sourceTree = "<group>"; };
		501B2E2C18A999E900DED09B /* ダークナイトライジング.jpg */ = {isa = PBXFileReference; lastKnownFileType = image.jpeg; path = "ダークナイトライジング.jpg"; sourceTree = "<group>"; };
		501B2E2D18A999E900DED09B /* チベット旅行記.jpg */ = {isa = PBXFileReference; lastKnownFileType = image.jpeg; path = "チベット旅行記.jpg"; sourceTree = "<group>"; };
		501B2E2E18A999E900DED09B /* ナスカの壷　ペルーからの手紙 .jpg */ = {isa = PBXFileReference; lastKnownFileType = image.jpeg; path = "ナスカの壷　ペルーからの手紙 .jpg"; sourceTree = "<group>"; };
		501B2E2F18A999E900DED09B /* ナバイオビーチ.png */ = {isa = PBXFileReference; lastKnownFileType = image.png; path = "ナバイオビーチ.png"; sourceTree = "<group>"; };
		501B2E3018A999E900DED09B /* パタゴニアを行く―世界でもっとも美しい大地.jpg */ = {isa = PBXFileReference; lastKnownFileType = image.jpeg; path = "パタゴニアを行く―世界でもっとも美しい大地.jpg"; sourceTree = "<group>"; };
		501B2E3118A999E900DED09B /* パチャママの贈りもの.jpg */ = {isa = PBXFileReference; lastKnownFileType = image.jpeg; path = "パチャママの贈りもの.jpg"; sourceTree = "<group>"; };
		501B2E3218A999E900DED09B /* ハート・ブルー.jpg */ = {isa = PBXFileReference; lastKnownFileType = image.jpeg; path = "ハート・ブルー.jpg"; sourceTree = "<group>"; };
		501B2E3318A999E900DED09B /* フォレスト・ガンプ .jpg */ = {isa = PBXFileReference; lastKnownFileType = image.jpeg; path = "フォレスト・ガンプ .jpg"; sourceTree = "<group>"; };
		501B2E3418A999E900DED09B /* ボリビアを知るための68章.jpg */ = {isa = PBXFileReference; lastKnownFileType = image.jpeg; path = "ボリビアを知るための68章.jpg"; sourceTree = "<group>"; };
		501B2E3518A999E900DED09B /* マダガスカル.jpg */ = {isa = PBXFileReference; lastKnownFileType = image.jpeg; path = "マダガスカル.jpg"; sourceTree = "<group>"; };
		501B2E3618A999E900DED09B /* マチュピチュ (写真でわかる謎への旅) .jpg */ = {isa = PBXFileReference; lastKnownFileType = image.jpeg; path = "マチュピチュ (写真でわかる謎への旅) .jpg"; sourceTree = "<group>"; };
		501B2E3718A999E900DED09B /* モーターサイクルダイアリーズ.jpg */ = {isa = PBXFileReference; lastKnownFileType = image.jpeg; path = "モーターサイクルダイアリーズ.jpg"; sourceTree = "<group>"; };
		501B2E3818A999E900DED09B /* ラダックの風息.jpg */ = {isa = PBXFileReference; lastKnownFileType = image.jpeg; path = "ラダックの風息.jpg"; sourceTree = "<group>"; };
		501B2E3918A999E900DED09B /* リヤカーマン アンデスを越える―アタカマ砂漠、アンデス山脈越え1000キロ徒歩横断.jpg */ = {isa = PBXFileReference; lastKnownFileType = image.jpeg; path = "リヤカーマン アンデスを越える―アタカマ砂漠、アンデス山脈越え1000キロ徒歩横断.jpg"; sourceTree = "<group>"; };
		501B2E3A18A999E900DED09B /* 世界の中心で、愛をさけぶ スタンダード.jpg */ = {isa = PBXFileReference; lastKnownFileType = image.jpeg; path = "世界の中心で、愛をさけぶ スタンダード.jpg"; sourceTree = "<group>"; };
		501B2E3B18A999E900DED09B /* 中世都市ドゥブロヴニク―アドリア海の東西交易.jpg */ = {isa = PBXFileReference; lastKnownFileType = image.jpeg; path = "中世都市ドゥブロヴニク―アドリア海の東西交易.jpg"; sourceTree = "<group>"; };
		501B2E3C18A999E900DED09B /* 僕たちは世界を変えることができない.jpg */ = {isa = PBXFileReference; lastKnownFileType = image.jpeg; path = "僕たちは世界を変えることができない.jpg"; sourceTree = "<group>"; };
		501B2E3D18A999E900DED09B /* 北アルプス テントを背中に山の旅へ .jpg */ = {isa = PBXFileReference; lastKnownFileType = image.jpeg; path = "北アルプス テントを背中に山の旅へ .jpg"; sourceTree = "<group>"; };
		501B2E3E18A999E900DED09B /* 地中海の光ベスト50--世界の名景.jpg */ = {isa = PBXFileReference; lastKnownFileType = image.jpeg; path = "地中海の光ベスト50--世界の名景.jpg"; sourceTree = "<group>"; };
		501B2E3F18A999E900DED09B /* 失われた世界.jpg */ = {isa = PBXFileReference; lastKnownFileType = image.jpeg; path = "失われた世界.jpg"; sourceTree = "<group>"; };
		501B2E4018A999E900DED09B /* 懐かしい未来 ラダックから学ぶ.jpg */ = {isa = PBXFileReference; lastKnownFileType = image.jpeg; path = "懐かしい未来 ラダックから学ぶ.jpg"; sourceTree = "<group>"; };
		501B2E4118A999E900DED09B /* 旅へ！アジアへ！2.jpg */ = {isa = PBXFileReference; lastKnownFileType = image.jpeg; path = "旅へ！アジアへ！2.jpg"; sourceTree = "<group>"; };
		501B2E4218A999E900DED09B /* 星の王子様.jpg */ = {isa = PBXFileReference; lastKnownFileType = image.jpeg; path = "星の王子様.jpg"; sourceTree = "<group>"; };
		501B2E4318A999E900DED09B /* 死ぬまでに行きたい! 世界の絶景.jpg */ = {isa = PBXFileReference; lastKnownFileType = image.jpeg; path = "死ぬまでに行きたい! 世界の絶景.jpg"; sourceTree = "<group>"; };
		501B2E4418A999E900DED09B /* 深い河.jpg */ = {isa = PBXFileReference; lastKnownFileType = image.jpeg; path = "深い河.jpg"; sourceTree = "<group>"; };
		501B2E4518A999E900DED09B /* 深夜特急.jpg */ = {isa = PBXFileReference; lastKnownFileType = image.jpeg; path = "深夜特急.jpg"; sourceTree = "<group>"; };
		501B2E4618A999E900DED09B /* 紅の豚.jpg */ = {isa = PBXFileReference; lastKnownFileType = image.jpeg; path = "紅の豚.jpg"; sourceTree = "<group>"; };
		501B2E4718A999E900DED09B /* 駅馬車.jpg */ = {isa = PBXFileReference; lastKnownFileType = image.jpeg; path = "駅馬車.jpg"; sourceTree = "<group>"; };
		501B2E4818A999E900DED09B /* 魔女の宅急便.jpg */ = {isa = PBXFileReference; lastKnownFileType = image.jpeg; path = "魔女の宅急便.jpg"; sourceTree = "<group>"; };
		501B2E4A18A999E900DED09B /* アジア.jpg */ = {isa = PBXFileReference; lastKnownFileType = image.jpeg; path = "アジア.jpg"; sourceTree = "<group>"; };
		501B2E4B18A999E900DED09B /* アタカマ砂漠.jpg */ = {isa = PBXFileReference; lastKnownFileType = image.jpeg; path = "アタカマ砂漠.jpg"; sourceTree = "<group>"; };
		501B2E4C18A999E900DED09B /* アルプス.jpeg */ = {isa = PBXFileReference; lastKnownFileType = image.jpeg; path = "アルプス.jpeg"; sourceTree = "<group>"; };
		501B2E4D18A999E900DED09B /* アンテロープキャニオン.jpeg */ = {isa = PBXFileReference; lastKnownFileType = image.jpeg; path = "アンテロープキャニオン.jpeg"; sourceTree = "<group>"; };
		501B2E4E18A999E900DED09B /* イエローストーン.png */ = {isa = PBXFileReference; lastKnownFileType = image.png; path = "イエローストーン.png"; sourceTree = "<group>"; };
		501B2E4F18A999E900DED09B /* ウユニ.jpg */ = {isa = PBXFileReference; lastKnownFileType = image.jpeg; path = "ウユニ.jpg"; sourceTree = "<group>"; };
		501B2E5018A999E900DED09B /* エアーズロック.jpg */ = {isa = PBXFileReference; lastKnownFileType = image.jpeg; path = "エアーズロック.jpg"; sourceTree = "<group>"; };
		501B2E5118A999E900DED09B /* ガンジス.jpg */ = {isa = PBXFileReference; lastKnownFileType = image.jpeg; path = "ガンジス.jpg"; sourceTree = "<group>"; };
		501B2E5218A999E900DED09B /* サハラ砂漠.jpeg */ = {isa = PBXFileReference; lastKnownFileType = image.jpeg; path = "サハラ砂漠.jpeg"; sourceTree = "<group>"; };
		501B2E5318A999E900DED09B /* チベット.jpg */ = {isa = PBXFileReference; lastKnownFileType = image.jpeg; path = "チベット.jpg"; sourceTree = "<group>"; };
		501B2E5418A999E900DED09B /* ドブロブニク.png */ = {isa = PBXFileReference; lastKnownFileType = image.png; path = "ドブロブニク.png"; sourceTree = "<group>"; };
		501B2E5518A999E900DED09B /* プノンペン.jpeg */ = {isa = PBXFileReference; lastKnownFileType = image.jpeg; path = "プノンペン.jpeg"; sourceTree = "<group>"; };
		501B2E5618A999E900DED09B /* フィッツロイ.jpg */ = {isa = PBXFileReference; lastKnownFileType = image.jpeg; path = "フィッツロイ.jpg"; sourceTree = "<group>"; };
		501B2E5718A999E900DED09B /* ペリトモレノ.jpg */ = {isa = PBXFileReference; lastKnownFileType = image.jpeg; path = "ペリトモレノ.jpg"; sourceTree = "<group>"; };
		501B2E5818A999E900DED09B /* マチュピチュ.jpeg */ = {isa = PBXFileReference; lastKnownFileType = image.jpeg; path = "マチュピチュ.jpeg"; sourceTree = "<group>"; };
		501B2E5918A999E900DED09B /* ラダック.jpeg */ = {isa = PBXFileReference; lastKnownFileType = image.jpeg; path = "ラダック.jpeg"; sourceTree = "<group>"; };
		501B2E5A18A999E900DED09B /* ロライマ山.jpeg */ = {isa = PBXFileReference; lastKnownFileType = image.jpeg; path = "ロライマ山.jpeg"; sourceTree = "<group>"; };
		501B2E5B18A999E900DED09B /* 地球.jpg */ = {isa = PBXFileReference; lastKnownFileType = image.jpeg; path = "地球.jpg"; sourceTree = "<group>"; };
		50303D2218C1911E00C4BE2A /* JPSThumbnail.h */ = {isa = PBXFileReference; fileEncoding = 4; lastKnownFileType = sourcecode.c.h; path = JPSThumbnail.h; sourceTree = "<group>"; };
		50303D2318C1911E00C4BE2A /* JPSThumbnailAnnotation.h */ = {isa = PBXFileReference; fileEncoding = 4; lastKnownFileType = sourcecode.c.h; path = JPSThumbnailAnnotation.h; sourceTree = "<group>"; };
		50303D2418C1911E00C4BE2A /* JPSThumbnailAnnotation.m */ = {isa = PBXFileReference; fileEncoding = 4; lastKnownFileType = sourcecode.c.objc; path = JPSThumbnailAnnotation.m; sourceTree = "<group>"; };
		50303D2518C1911E00C4BE2A /* JPSThumbnailAnnotationView.h */ = {isa = PBXFileReference; fileEncoding = 4; lastKnownFileType = sourcecode.c.h; path = JPSThumbnailAnnotationView.h; sourceTree = "<group>"; };
		50303D2618C1911E00C4BE2A /* JPSThumbnailAnnotationView.m */ = {isa = PBXFileReference; fileEncoding = 4; lastKnownFileType = sourcecode.c.objc; path = JPSThumbnailAnnotationView.m; sourceTree = "<group>"; };
		50303D2718C1911E00C4BE2A /* JPSThumnail.m */ = {isa = PBXFileReference; fileEncoding = 4; lastKnownFileType = sourcecode.c.objc; path = JPSThumnail.m; sourceTree = "<group>"; };
		5090884118C19E9200DB1BEF /* DetailViewController.h */ = {isa = PBXFileReference; fileEncoding = 4; lastKnownFileType = sourcecode.c.h; path = DetailViewController.h; sourceTree = "<group>"; };
		5090884218C19E9200DB1BEF /* DetailViewController.m */ = {isa = PBXFileReference; fileEncoding = 4; lastKnownFileType = sourcecode.c.objc; path = DetailViewController.m; sourceTree = "<group>"; };
		50CDA35618A84360006D8C60 /* TravelAndBook.app */ = {isa = PBXFileReference; explicitFileType = wrapper.application; includeInIndex = 0; path = TravelAndBook.app; sourceTree = BUILT_PRODUCTS_DIR; };
		50CDA35918A84360006D8C60 /* Foundation.framework */ = {isa = PBXFileReference; lastKnownFileType = wrapper.framework; name = Foundation.framework; path = System/Library/Frameworks/Foundation.framework; sourceTree = SDKROOT; };
		50CDA35B18A84360006D8C60 /* CoreGraphics.framework */ = {isa = PBXFileReference; lastKnownFileType = wrapper.framework; name = CoreGraphics.framework; path = System/Library/Frameworks/CoreGraphics.framework; sourceTree = SDKROOT; };
		50CDA35D18A84360006D8C60 /* UIKit.framework */ = {isa = PBXFileReference; lastKnownFileType = wrapper.framework; name = UIKit.framework; path = System/Library/Frameworks/UIKit.framework; sourceTree = SDKROOT; };
		50CDA36118A84360006D8C60 /* TravelAndBook-Info.plist */ = {isa = PBXFileReference; lastKnownFileType = text.plist.xml; path = "TravelAndBook-Info.plist"; sourceTree = "<group>"; };
		50CDA36318A84360006D8C60 /* en */ = {isa = PBXFileReference; lastKnownFileType = text.plist.strings; name = en; path = en.lproj/InfoPlist.strings; sourceTree = "<group>"; };
		50CDA36518A84360006D8C60 /* main.m */ = {isa = PBXFileReference; lastKnownFileType = sourcecode.c.objc; path = main.m; sourceTree = "<group>"; };
		50CDA36718A84360006D8C60 /* TravelAndBook-Prefix.pch */ = {isa = PBXFileReference; lastKnownFileType = sourcecode.c.h; path = "TravelAndBook-Prefix.pch"; sourceTree = "<group>"; };
		50CDA36818A84360006D8C60 /* AppDelegate.h */ = {isa = PBXFileReference; lastKnownFileType = sourcecode.c.h; path = AppDelegate.h; sourceTree = "<group>"; };
		50CDA36918A84360006D8C60 /* AppDelegate.m */ = {isa = PBXFileReference; lastKnownFileType = sourcecode.c.objc; path = AppDelegate.m; sourceTree = "<group>"; };
		50CDA36C18A84360006D8C60 /* Base */ = {isa = PBXFileReference; lastKnownFileType = file.storyboard; name = Base; path = Base.lproj/Main.storyboard; sourceTree = "<group>"; };
		50CDA36E18A84360006D8C60 /* FirstViewController.h */ = {isa = PBXFileReference; lastKnownFileType = sourcecode.c.h; path = FirstViewController.h; sourceTree = "<group>"; };
		50CDA36F18A84360006D8C60 /* FirstViewController.m */ = {isa = PBXFileReference; lastKnownFileType = sourcecode.c.objc; path = FirstViewController.m; sourceTree = "<group>"; };
		50CDA37118A84360006D8C60 /* SecondViewController.h */ = {isa = PBXFileReference; lastKnownFileType = sourcecode.c.h; path = SecondViewController.h; sourceTree = "<group>"; };
		50CDA37218A84360006D8C60 /* SecondViewController.m */ = {isa = PBXFileReference; lastKnownFileType = sourcecode.c.objc; path = SecondViewController.m; sourceTree = "<group>"; };
		50CDA37418A84360006D8C60 /* Images.xcassets */ = {isa = PBXFileReference; lastKnownFileType = folder.assetcatalog; path = Images.xcassets; sourceTree = "<group>"; };
		50CDA37A18A84360006D8C60 /* TravelAndBookTests.xctest */ = {isa = PBXFileReference; explicitFileType = wrapper.cfbundle; includeInIndex = 0; path = TravelAndBookTests.xctest; sourceTree = BUILT_PRODUCTS_DIR; };
		50CDA37B18A84360006D8C60 /* XCTest.framework */ = {isa = PBXFileReference; lastKnownFileType = wrapper.framework; name = XCTest.framework; path = Library/Frameworks/XCTest.framework; sourceTree = DEVELOPER_DIR; };
		50CDA38318A84361006D8C60 /* TravelAndBookTests-Info.plist */ = {isa = PBXFileReference; lastKnownFileType = text.plist.xml; path = "TravelAndBookTests-Info.plist"; sourceTree = "<group>"; };
		50CDA38518A84361006D8C60 /* en */ = {isa = PBXFileReference; lastKnownFileType = text.plist.strings; name = en; path = en.lproj/InfoPlist.strings; sourceTree = "<group>"; };
		50CDA38718A84361006D8C60 /* TravelAndBookTests.m */ = {isa = PBXFileReference; lastKnownFileType = sourcecode.c.objc; path = TravelAndBookTests.m; sourceTree = "<group>"; };
		50CDA39418A84703006D8C60 /* MapKit.framework */ = {isa = PBXFileReference; lastKnownFileType = wrapper.framework; name = MapKit.framework; path = System/Library/Frameworks/MapKit.framework; sourceTree = SDKROOT; };
		50CDA39718A84B59006D8C60 /* JPSThumbnail.h */ = {isa = PBXFileReference; fileEncoding = 4; lastKnownFileType = sourcecode.c.h; path = JPSThumbnail.h; sourceTree = "<group>"; };
		50CDA39818A84B59006D8C60 /* JPSThumbnailAnnotation.h */ = {isa = PBXFileReference; fileEncoding = 4; lastKnownFileType = sourcecode.c.h; path = JPSThumbnailAnnotation.h; sourceTree = "<group>"; };
		50CDA39918A84B59006D8C60 /* JPSThumbnailAnnotation.m */ = {isa = PBXFileReference; fileEncoding = 4; lastKnownFileType = sourcecode.c.objc; path = JPSThumbnailAnnotation.m; sourceTree = "<group>"; };
		50CDA39A18A84B59006D8C60 /* JPSThumbnailAnnotationView.h */ = {isa = PBXFileReference; fileEncoding = 4; lastKnownFileType = sourcecode.c.h; path = JPSThumbnailAnnotationView.h; sourceTree = "<group>"; };
		50CDA39B18A84B59006D8C60 /* JPSThumbnailAnnotationView.m */ = {isa = PBXFileReference; fileEncoding = 4; lastKnownFileType = sourcecode.c.objc; path = JPSThumbnailAnnotationView.m; sourceTree = "<group>"; };
		50CDA39C18A84B59006D8C60 /* JPSThumnail.m */ = {isa = PBXFileReference; fileEncoding = 4; lastKnownFileType = sourcecode.c.objc; path = JPSThumnail.m; sourceTree = "<group>"; };
/* End PBXFileReference section */

/* Begin PBXFrameworksBuildPhase section */
		50CDA35318A84360006D8C60 /* Frameworks */ = {
			isa = PBXFrameworksBuildPhase;
			buildActionMask = 2147483647;
			files = (
				50CDA39518A84703006D8C60 /* MapKit.framework in Frameworks */,
				50CDA35C18A84360006D8C60 /* CoreGraphics.framework in Frameworks */,
				50CDA35E18A84360006D8C60 /* UIKit.framework in Frameworks */,
				50CDA35A18A84360006D8C60 /* Foundation.framework in Frameworks */,
			);
			runOnlyForDeploymentPostprocessing = 0;
		};
		50CDA37718A84360006D8C60 /* Frameworks */ = {
			isa = PBXFrameworksBuildPhase;
			buildActionMask = 2147483647;
			files = (
				50CDA37C18A84360006D8C60 /* XCTest.framework in Frameworks */,
				50CDA37E18A84361006D8C60 /* UIKit.framework in Frameworks */,
				50CDA37D18A84361006D8C60 /* Foundation.framework in Frameworks */,
			);
			runOnlyForDeploymentPostprocessing = 0;
		};
/* End PBXFrameworksBuildPhase section */

/* Begin PBXGroup section */
		501B2E1C18A999E900DED09B /* Book */ = {
			isa = PBXGroup;
			children = (
				501B2E1D18A999E900DED09B /* くれいじー・ばいきん、オーストラリア.jpg */,
				501B2E1E18A999E900DED09B /* どくとるアイアイと謎の島マダガスカル.jpg */,
				501B2E1F18A999E900DED09B /* やった。―4年3カ月も有給休暇をもらって世界一周5万5000キロを自転車で走ってきちゃった男.jpg */,
				501B2E2018A999E900DED09B /* アボリジニの教え―大地と宇宙をつなぐ精霊の知恵.jpg */,
				501B2E2118A999E900DED09B /* エヴァー・スマイル、ニュージャージー.jpg */,
				501B2E2218A999E900DED09B /* ガンジス河でバタフライ.jpg */,
				501B2E2318A999E900DED09B /* カンボジアからやってきたワンディ.jpg */,
				501B2E2418A999E900DED09B /* カールじいさんの空飛ぶ家.jpg */,
				501B2E2518A999E900DED09B /* グレートオーシャンロード.jpg */,
				501B2E2618A999E900DED09B /* サウンドオブミュージック.jpg */,
				501B2E2718A999E900DED09B /* サハラに死す.jpg */,
				501B2E2818A999E900DED09B /* サハラ砂漠の秘密.jpg */,
				501B2E2918A999E900DED09B /* ジョニーベアー―イエローストーンの子グマ (シートン動物記 1).jpg */,
				501B2E2A18A999E900DED09B /* ジョードプル.jpeg */,
				501B2E2B18A999E900DED09B /* ダライ・ラマに恋して.jpg */,
				501B2E2C18A999E900DED09B /* ダークナイトライジング.jpg */,
				501B2E2D18A999E900DED09B /* チベット旅行記.jpg */,
				501B2E2E18A999E900DED09B /* ナスカの壷　ペルーからの手紙 .jpg */,
				501B2E2F18A999E900DED09B /* ナバイオビーチ.png */,
				501B2E3018A999E900DED09B /* パタゴニアを行く―世界でもっとも美しい大地.jpg */,
				501B2E3118A999E900DED09B /* パチャママの贈りもの.jpg */,
				501B2E3218A999E900DED09B /* ハート・ブルー.jpg */,
				501B2E3318A999E900DED09B /* フォレスト・ガンプ .jpg */,
				501B2E3418A999E900DED09B /* ボリビアを知るための68章.jpg */,
				501B2E3518A999E900DED09B /* マダガスカル.jpg */,
				501B2E3618A999E900DED09B /* マチュピチュ (写真でわかる謎への旅) .jpg */,
				501B2E3718A999E900DED09B /* モーターサイクルダイアリーズ.jpg */,
				501B2E3818A999E900DED09B /* ラダックの風息.jpg */,
				501B2E3918A999E900DED09B /* リヤカーマン アンデスを越える―アタカマ砂漠、アンデス山脈越え1000キロ徒歩横断.jpg */,
				501B2E3A18A999E900DED09B /* 世界の中心で、愛をさけぶ スタンダード.jpg */,
				501B2E3B18A999E900DED09B /* 中世都市ドゥブロヴニク―アドリア海の東西交易.jpg */,
				501B2E3C18A999E900DED09B /* 僕たちは世界を変えることができない.jpg */,
				501B2E3D18A999E900DED09B /* 北アルプス テントを背中に山の旅へ .jpg */,
				501B2E3E18A999E900DED09B /* 地中海の光ベスト50--世界の名景.jpg */,
				501B2E3F18A999E900DED09B /* 失われた世界.jpg */,
				501B2E4018A999E900DED09B /* 懐かしい未来 ラダックから学ぶ.jpg */,
				501B2E4118A999E900DED09B /* 旅へ！アジアへ！2.jpg */,
				501B2E4218A999E900DED09B /* 星の王子様.jpg */,
				501B2E4318A999E900DED09B /* 死ぬまでに行きたい! 世界の絶景.jpg */,
				501B2E4418A999E900DED09B /* 深い河.jpg */,
				501B2E4518A999E900DED09B /* 深夜特急.jpg */,
				501B2E4618A999E900DED09B /* 紅の豚.jpg */,
				501B2E4718A999E900DED09B /* 駅馬車.jpg */,
				501B2E4818A999E900DED09B /* 魔女の宅急便.jpg */,
			);
			name = Book;
			path = ../../TravelAndBook_giuthub.ver2/TravelAndBook/Book;
			sourceTree = "<group>";
		};
		501B2E4918A999E900DED09B /* Landscape */ = {
			isa = PBXGroup;
			children = (
				501B2E4A18A999E900DED09B /* アジア.jpg */,
				501B2E4B18A999E900DED09B /* アタカマ砂漠.jpg */,
				501B2E4C18A999E900DED09B /* アルプス.jpeg */,
				501B2E4D18A999E900DED09B /* アンテロープキャニオン.jpeg */,
				501B2E4E18A999E900DED09B /* イエローストーン.png */,
				501B2E4F18A999E900DED09B /* ウユニ.jpg */,
				501B2E5018A999E900DED09B /* エアーズロック.jpg */,
				501B2E5118A999E900DED09B /* ガンジス.jpg */,
				501B2E5218A999E900DED09B /* サハラ砂漠.jpeg */,
				501B2E5318A999E900DED09B /* チベット.jpg */,
				501B2E5418A999E900DED09B /* ドブロブニク.png */,
				501B2E5518A999E900DED09B /* プノンペン.jpeg */,
				501B2E5618A999E900DED09B /* フィッツロイ.jpg */,
				501B2E5718A999E900DED09B /* ペリトモレノ.jpg */,
				501B2E5818A999E900DED09B /* マチュピチュ.jpeg */,
				501B2E5918A999E900DED09B /* ラダック.jpeg */,
				501B2E5A18A999E900DED09B /* ロライマ山.jpeg */,
				501B2E5B18A999E900DED09B /* 地球.jpg */,
			);
			name = Landscape;
			path = ../../TravelAndBook_giuthub.ver2/TravelAndBook/Landscape;
			sourceTree = "<group>";
		};
		50303D2118C1911E00C4BE2A /* JPSThumbnailAnnotation */ = {
			isa = PBXGroup;
			children = (
				50303D2218C1911E00C4BE2A /* JPSThumbnail.h */,
				50303D2318C1911E00C4BE2A /* JPSThumbnailAnnotation.h */,
				50303D2418C1911E00C4BE2A /* JPSThumbnailAnnotation.m */,
				50303D2518C1911E00C4BE2A /* JPSThumbnailAnnotationView.h */,
				50303D2618C1911E00C4BE2A /* JPSThumbnailAnnotationView.m */,
				50303D2718C1911E00C4BE2A /* JPSThumnail.m */,
			);
			path = JPSThumbnailAnnotation;
			sourceTree = "<group>";
		};
		50CDA34D18A84360006D8C60 = {
			isa = PBXGroup;
			children = (
				50CDA39618A84B58006D8C60 /* JPSThumbnailAnnotation */,
				50CDA35F18A84360006D8C60 /* TravelAndBook */,
				50CDA38118A84361006D8C60 /* TravelAndBookTests */,
				50CDA35818A84360006D8C60 /* Frameworks */,
				50CDA35718A84360006D8C60 /* Products */,
			);
			sourceTree = "<group>";
		};
		50CDA35718A84360006D8C60 /* Products */ = {
			isa = PBXGroup;
			children = (
				50CDA35618A84360006D8C60 /* TravelAndBook.app */,
				50CDA37A18A84360006D8C60 /* TravelAndBookTests.xctest */,
			);
			name = Products;
			sourceTree = "<group>";
		};
		50CDA35818A84360006D8C60 /* Frameworks */ = {
			isa = PBXGroup;
			children = (
				50CDA39418A84703006D8C60 /* MapKit.framework */,
				50CDA35918A84360006D8C60 /* Foundation.framework */,
				50CDA35B18A84360006D8C60 /* CoreGraphics.framework */,
				50CDA35D18A84360006D8C60 /* UIKit.framework */,
				50CDA37B18A84360006D8C60 /* XCTest.framework */,
			);
			name = Frameworks;
			sourceTree = "<group>";
		};
		50CDA35F18A84360006D8C60 /* TravelAndBook */ = {
			isa = PBXGroup;
			children = (
				50303D2118C1911E00C4BE2A /* JPSThumbnailAnnotation */,
				50CDA36818A84360006D8C60 /* AppDelegate.h */,
				50CDA36918A84360006D8C60 /* AppDelegate.m */,
				50CDA36E18A84360006D8C60 /* FirstViewController.h */,
				50CDA36F18A84360006D8C60 /* FirstViewController.m */,
				50CDA37118A84360006D8C60 /* SecondViewController.h */,
				50CDA37218A84360006D8C60 /* SecondViewController.m */,
				5090884118C19E9200DB1BEF /* DetailViewController.h */,
				5090884218C19E9200DB1BEF /* DetailViewController.m */,
				50CDA36B18A84360006D8C60 /* Main.storyboard */,
				50CDA37418A84360006D8C60 /* Images.xcassets */,
				50CDA36018A84360006D8C60 /* Supporting Files */,
			);
			path = TravelAndBook;
			sourceTree = "<group>";
		};
		50CDA36018A84360006D8C60 /* Supporting Files */ = {
			isa = PBXGroup;
			children = (
				501B2E1C18A999E900DED09B /* Book */,
				501B2E4918A999E900DED09B /* Landscape */,
				50CDA36118A84360006D8C60 /* TravelAndBook-Info.plist */,
				50CDA36218A84360006D8C60 /* InfoPlist.strings */,
				50CDA36518A84360006D8C60 /* main.m */,
				50CDA36718A84360006D8C60 /* TravelAndBook-Prefix.pch */,
			);
			name = "Supporting Files";
			sourceTree = "<group>";
		};
		50CDA38118A84361006D8C60 /* TravelAndBookTests */ = {
			isa = PBXGroup;
			children = (
				50CDA38718A84361006D8C60 /* TravelAndBookTests.m */,
				50CDA38218A84361006D8C60 /* Supporting Files */,
			);
			path = TravelAndBookTests;
			sourceTree = "<group>";
		};
		50CDA38218A84361006D8C60 /* Supporting Files */ = {
			isa = PBXGroup;
			children = (
				50CDA38318A84361006D8C60 /* TravelAndBookTests-Info.plist */,
				50CDA38418A84361006D8C60 /* InfoPlist.strings */,
			);
			name = "Supporting Files";
			sourceTree = "<group>";
		};
		50CDA39618A84B58006D8C60 /* JPSThumbnailAnnotation */ = {
			isa = PBXGroup;
			children = (
				50CDA39718A84B59006D8C60 /* JPSThumbnail.h */,
				50CDA39818A84B59006D8C60 /* JPSThumbnailAnnotation.h */,
				50CDA39918A84B59006D8C60 /* JPSThumbnailAnnotation.m */,
				50CDA39A18A84B59006D8C60 /* JPSThumbnailAnnotationView.h */,
				50CDA39B18A84B59006D8C60 /* JPSThumbnailAnnotationView.m */,
				50CDA39C18A84B59006D8C60 /* JPSThumnail.m */,
			);
			name = JPSThumbnailAnnotation;
			path = TravelAndBook/JPSThumbnailAnnotation;
			sourceTree = "<group>";
		};
/* End PBXGroup section */

/* Begin PBXNativeTarget section */
		50CDA35518A84360006D8C60 /* TravelAndBook */ = {
			isa = PBXNativeTarget;
			buildConfigurationList = 50CDA38B18A84361006D8C60 /* Build configuration list for PBXNativeTarget "TravelAndBook" */;
			buildPhases = (
				50CDA35218A84360006D8C60 /* Sources */,
				50CDA35318A84360006D8C60 /* Frameworks */,
				50CDA35418A84360006D8C60 /* Resources */,
			);
			buildRules = (
			);
			dependencies = (
			);
			name = TravelAndBook;
			productName = TravelAndBook;
			productReference = 50CDA35618A84360006D8C60 /* TravelAndBook.app */;
			productType = "com.apple.product-type.application";
		};
		50CDA37918A84360006D8C60 /* TravelAndBookTests */ = {
			isa = PBXNativeTarget;
			buildConfigurationList = 50CDA38E18A84361006D8C60 /* Build configuration list for PBXNativeTarget "TravelAndBookTests" */;
			buildPhases = (
				50CDA37618A84360006D8C60 /* Sources */,
				50CDA37718A84360006D8C60 /* Frameworks */,
				50CDA37818A84360006D8C60 /* Resources */,
			);
			buildRules = (
			);
			dependencies = (
				50CDA38018A84361006D8C60 /* PBXTargetDependency */,
			);
			name = TravelAndBookTests;
			productName = TravelAndBookTests;
			productReference = 50CDA37A18A84360006D8C60 /* TravelAndBookTests.xctest */;
			productType = "com.apple.product-type.bundle.unit-test";
		};
/* End PBXNativeTarget section */

/* Begin PBXProject section */
		50CDA34E18A84360006D8C60 /* Project object */ = {
			isa = PBXProject;
			attributes = {
				LastUpgradeCheck = 0500;
				ORGANIZATIONNAME = NexSeed;
				TargetAttributes = {
					50CDA37918A84360006D8C60 = {
						TestTargetID = 50CDA35518A84360006D8C60;
					};
				};
			};
			buildConfigurationList = 50CDA35118A84360006D8C60 /* Build configuration list for PBXProject "TravelAndBook" */;
			compatibilityVersion = "Xcode 3.2";
			developmentRegion = English;
			hasScannedForEncodings = 0;
			knownRegions = (
				en,
				Base,
			);
			mainGroup = 50CDA34D18A84360006D8C60;
			productRefGroup = 50CDA35718A84360006D8C60 /* Products */;
			projectDirPath = "";
			projectRoot = "";
			targets = (
				50CDA35518A84360006D8C60 /* TravelAndBook */,
				50CDA37918A84360006D8C60 /* TravelAndBookTests */,
			);
		};
/* End PBXProject section */

/* Begin PBXResourcesBuildPhase section */
		50CDA35418A84360006D8C60 /* Resources */ = {
			isa = PBXResourcesBuildPhase;
			buildActionMask = 2147483647;
			files = (
				50CA4F1718C1A266001B6509 /* Main.storyboard in Resources */,
				501B2E9918A999E900DED09B /* 地球.jpg in Resources */,
				501B2E8318A999E900DED09B /* 深い河.jpg in Resources */,
				501B2E7418A999E900DED09B /* マダガスカル.jpg in Resources */,
				501B2E9218A999E900DED09B /* ドブロブニク.png in Resources */,
				501B2E9518A999E900DED09B /* ペリトモレノ.jpg in Resources */,
				501B2E8418A999E900DED09B /* 深夜特急.jpg in Resources */,
				501B2E8518A999E900DED09B /* 紅の豚.jpg in Resources */,
				501B2E7518A999E900DED09B /* マチュピチュ (写真でわかる謎への旅) .jpg in Resources */,
				501B2E8018A999E900DED09B /* 旅へ！アジアへ！2.jpg in Resources */,
				501B2E9118A999E900DED09B /* チベット.jpg in Resources */,
				501B2E6A18A999E900DED09B /* ダライ・ラマに恋して.jpg in Resources */,
				501B2E9718A999E900DED09B /* ラダック.jpeg in Resources */,
				501B2E8D18A999E900DED09B /* ウユニ.jpg in Resources */,
				501B2E8A18A999E900DED09B /* アルプス.jpeg in Resources */,
				501B2E9618A999E900DED09B /* マチュピチュ.jpeg in Resources */,
				501B2E6D18A999E900DED09B /* ナスカの壷　ペルーからの手紙 .jpg in Resources */,
				501B2E7318A999E900DED09B /* ボリビアを知るための68章.jpg in Resources */,
				501B2E7C18A999E900DED09B /* 北アルプス テントを背中に山の旅へ .jpg in Resources */,
				501B2E7F18A999E900DED09B /* 懐かしい未来 ラダックから学ぶ.jpg in Resources */,
				501B2E6E18A999E900DED09B /* ナバイオビーチ.png in Resources */,
				501B2E6F18A999E900DED09B /* パタゴニアを行く―世界でもっとも美しい大地.jpg in Resources */,
				501B2E7818A999E900DED09B /* リヤカーマン アンデスを越える―アタカマ砂漠、アンデス山脈越え1000キロ徒歩横断.jpg in Resources */,
				501B2E8718A999E900DED09B /* 魔女の宅急便.jpg in Resources */,
				501B2E8218A999E900DED09B /* 死ぬまでに行きたい! 世界の絶景.jpg in Resources */,
				501B2E6C18A999E900DED09B /* チベット旅行記.jpg in Resources */,
				50CDA37518A84360006D8C60 /* Images.xcassets in Resources */,
				501B2E6B18A999E900DED09B /* ダークナイトライジング.jpg in Resources */,
				501B2E8B18A999E900DED09B /* アンテロープキャニオン.jpeg in Resources */,
				501B2E6118A999E900DED09B /* ガンジス河でバタフライ.jpg in Resources */,
				501B2E6418A999E900DED09B /* グレートオーシャンロード.jpg in Resources */,
				501B2E8F18A999E900DED09B /* ガンジス.jpg in Resources */,
				501B2E7918A999E900DED09B /* 世界の中心で、愛をさけぶ スタンダード.jpg in Resources */,
				501B2E8C18A999E900DED09B /* イエローストーン.png in Resources */,
				501B2E9318A999E900DED09B /* プノンペン.jpeg in Resources */,
				501B2E6718A999E900DED09B /* サハラ砂漠の秘密.jpg in Resources */,
				501B2E8118A999E900DED09B /* 星の王子様.jpg in Resources */,
				501B2E6618A999E900DED09B /* サハラに死す.jpg in Resources */,
				501B2E7D18A999E900DED09B /* 地中海の光ベスト50--世界の名景.jpg in Resources */,
				501B2E7118A999E900DED09B /* ハート・ブルー.jpg in Resources */,
				501B2E7A18A999E900DED09B /* 中世都市ドゥブロヴニク―アドリア海の東西交易.jpg in Resources */,
				501B2E9818A999E900DED09B /* ロライマ山.jpeg in Resources */,
				501B2E7B18A999E900DED09B /* 僕たちは世界を変えることができない.jpg in Resources */,
				501B2E9418A999E900DED09B /* フィッツロイ.jpg in Resources */,
				50CDA36418A84360006D8C60 /* InfoPlist.strings in Resources */,
				501B2E6218A999E900DED09B /* カンボジアからやってきたワンディ.jpg in Resources */,
				501B2E7718A999E900DED09B /* ラダックの風息.jpg in Resources */,
				501B2E8E18A999E900DED09B /* エアーズロック.jpg in Resources */,
				501B2E6818A999E900DED09B /* ジョニーベアー―イエローストーンの子グマ (シートン動物記 1).jpg in Resources */,
				501B2E5C18A999E900DED09B /* くれいじー・ばいきん、オーストラリア.jpg in Resources */,
				501B2E7218A999E900DED09B /* フォレスト・ガンプ .jpg in Resources */,
				501B2E8918A999E900DED09B /* アタカマ砂漠.jpg in Resources */,
				501B2E5D18A999E900DED09B /* どくとるアイアイと謎の島マダガスカル.jpg in Resources */,
				501B2E6018A999E900DED09B /* エヴァー・スマイル、ニュージャージー.jpg in Resources */,
				501B2E7E18A999E900DED09B /* 失われた世界.jpg in Resources */,
				501B2E7618A999E900DED09B /* モーターサイクルダイアリーズ.jpg in Resources */,
				501B2E5E18A999E900DED09B /* やった。―4年3カ月も有給休暇をもらって世界一周5万5000キロを自転車で走ってきちゃった男.jpg in Resources */,
				501B2E6918A999E900DED09B /* ジョードプル.jpeg in Resources */,
				501B2E8618A999E900DED09B /* 駅馬車.jpg in Resources */,
				501B2E8818A999E900DED09B /* アジア.jpg in Resources */,
				501B2E5F18A999E900DED09B /* アボリジニの教え―大地と宇宙をつなぐ精霊の知恵.jpg in Resources */,
				501B2E6318A999E900DED09B /* カールじいさんの空飛ぶ家.jpg in Resources */,
				501B2E9018A999E900DED09B /* サハラ砂漠.jpeg in Resources */,
				501B2E6518A999E900DED09B /* サウンドオブミュージック.jpg in Resources */,
				5090884518C1A11800DB1BEF /* TravelAndBook.app in Resources */,
				501B2E7018A999E900DED09B /* パチャママの贈りもの.jpg in Resources */,
			);
			runOnlyForDeploymentPostprocessing = 0;
		};
		50CDA37818A84360006D8C60 /* Resources */ = {
			isa = PBXResourcesBuildPhase;
			buildActionMask = 2147483647;
			files = (
				5090884618C1A11E00DB1BEF /* TravelAndBook.app in Resources */,
				50CDA38618A84361006D8C60 /* InfoPlist.strings in Resources */,
				5090884718C1A12100DB1BEF /* TravelAndBookTests.xctest in Resources */,
			);
			runOnlyForDeploymentPostprocessing = 0;
		};
/* End PBXResourcesBuildPhase section */

/* Begin PBXSourcesBuildPhase section */
		50CDA35218A84360006D8C60 /* Sources */ = {
			isa = PBXSourcesBuildPhase;
			buildActionMask = 2147483647;
			files = (
				50CDA37318A84360006D8C60 /* SecondViewController.m in Sources */,
				50CDA39D18A84B59006D8C60 /* JPSThumbnailAnnotation.m in Sources */,
				50CDA36A18A84360006D8C60 /* AppDelegate.m in Sources */,
				50303D2818C1911E00C4BE2A /* JPSThumbnailAnnotation.m in Sources */,
				50CDA39E18A84B59006D8C60 /* JPSThumbnailAnnotationView.m in Sources */,
				50303D2918C1911E00C4BE2A /* JPSThumbnailAnnotationView.m in Sources */,
				50303D2A18C1911E00C4BE2A /* JPSThumnail.m in Sources */,
				5090884318C19E9200DB1BEF /* DetailViewController.m in Sources */,
				50CDA37018A84360006D8C60 /* FirstViewController.m in Sources */,
				50CDA36618A84360006D8C60 /* main.m in Sources */,
				50CDA39F18A84B59006D8C60 /* JPSThumnail.m in Sources */,
			);
			runOnlyForDeploymentPostprocessing = 0;
		};
		50CDA37618A84360006D8C60 /* Sources */ = {
			isa = PBXSourcesBuildPhase;
			buildActionMask = 2147483647;
			files = (
				50CDA38818A84361006D8C60 /* TravelAndBookTests.m in Sources */,
			);
			runOnlyForDeploymentPostprocessing = 0;
		};
/* End PBXSourcesBuildPhase section */

/* Begin PBXTargetDependency section */
		50CDA38018A84361006D8C60 /* PBXTargetDependency */ = {
			isa = PBXTargetDependency;
			target = 50CDA35518A84360006D8C60 /* TravelAndBook */;
			targetProxy = 50CDA37F18A84361006D8C60 /* PBXContainerItemProxy */;
		};
/* End PBXTargetDependency section */

/* Begin PBXVariantGroup section */
		50CDA36218A84360006D8C60 /* InfoPlist.strings */ = {
			isa = PBXVariantGroup;
			children = (
				50CDA36318A84360006D8C60 /* en */,
			);
			name = InfoPlist.strings;
			sourceTree = "<group>";
		};
		50CDA36B18A84360006D8C60 /* Main.storyboard */ = {
			isa = PBXVariantGroup;
			children = (
				50CDA36C18A84360006D8C60 /* Base */,
			);
			name = Main.storyboard;
			sourceTree = "<group>";
		};
		50CDA38418A84361006D8C60 /* InfoPlist.strings */ = {
			isa = PBXVariantGroup;
			children = (
				50CDA38518A84361006D8C60 /* en */,
			);
			name = InfoPlist.strings;
			sourceTree = "<group>";
		};
/* End PBXVariantGroup section */

/* Begin XCBuildConfiguration section */
		50CDA38918A84361006D8C60 /* Debug */ = {
			isa = XCBuildConfiguration;
			buildSettings = {
				ALWAYS_SEARCH_USER_PATHS = NO;
				ARCHS = "$(ARCHS_STANDARD_INCLUDING_64_BIT)";
				CLANG_CXX_LANGUAGE_STANDARD = "gnu++0x";
				CLANG_CXX_LIBRARY = "libc++";
				CLANG_ENABLE_MODULES = YES;
				CLANG_ENABLE_OBJC_ARC = YES;
				CLANG_WARN_BOOL_CONVERSION = YES;
				CLANG_WARN_CONSTANT_CONVERSION = YES;
				CLANG_WARN_DIRECT_OBJC_ISA_USAGE = YES_ERROR;
				CLANG_WARN_EMPTY_BODY = YES;
				CLANG_WARN_ENUM_CONVERSION = YES;
				CLANG_WARN_INT_CONVERSION = YES;
				CLANG_WARN_OBJC_ROOT_CLASS = YES_ERROR;
				CLANG_WARN__DUPLICATE_METHOD_MATCH = YES;
				"CODE_SIGN_IDENTITY[sdk=iphoneos*]" = "iPhone Developer";
				COPY_PHASE_STRIP = NO;
				GCC_C_LANGUAGE_STANDARD = gnu99;
				GCC_DYNAMIC_NO_PIC = NO;
				GCC_OPTIMIZATION_LEVEL = 0;
				GCC_PREPROCESSOR_DEFINITIONS = (
					"DEBUG=1",
					"$(inherited)",
				);
				GCC_SYMBOLS_PRIVATE_EXTERN = NO;
				GCC_WARN_64_TO_32_BIT_CONVERSION = YES;
				GCC_WARN_ABOUT_RETURN_TYPE = YES_ERROR;
				GCC_WARN_UNDECLARED_SELECTOR = YES;
				GCC_WARN_UNINITIALIZED_AUTOS = YES;
				GCC_WARN_UNUSED_FUNCTION = YES;
				GCC_WARN_UNUSED_VARIABLE = YES;
				IPHONEOS_DEPLOYMENT_TARGET = 7.0;
				ONLY_ACTIVE_ARCH = YES;
				SDKROOT = iphoneos;
			};
			name = Debug;
		};
		50CDA38A18A84361006D8C60 /* Release */ = {
			isa = XCBuildConfiguration;
			buildSettings = {
				ALWAYS_SEARCH_USER_PATHS = NO;
				ARCHS = "$(ARCHS_STANDARD_INCLUDING_64_BIT)";
				CLANG_CXX_LANGUAGE_STANDARD = "gnu++0x";
				CLANG_CXX_LIBRARY = "libc++";
				CLANG_ENABLE_MODULES = YES;
				CLANG_ENABLE_OBJC_ARC = YES;
				CLANG_WARN_BOOL_CONVERSION = YES;
				CLANG_WARN_CONSTANT_CONVERSION = YES;
				CLANG_WARN_DIRECT_OBJC_ISA_USAGE = YES_ERROR;
				CLANG_WARN_EMPTY_BODY = YES;
				CLANG_WARN_ENUM_CONVERSION = YES;
				CLANG_WARN_INT_CONVERSION = YES;
				CLANG_WARN_OBJC_ROOT_CLASS = YES_ERROR;
				CLANG_WARN__DUPLICATE_METHOD_MATCH = YES;
				"CODE_SIGN_IDENTITY[sdk=iphoneos*]" = "iPhone Developer";
				COPY_PHASE_STRIP = YES;
				ENABLE_NS_ASSERTIONS = NO;
				GCC_C_LANGUAGE_STANDARD = gnu99;
				GCC_WARN_64_TO_32_BIT_CONVERSION = YES;
				GCC_WARN_ABOUT_RETURN_TYPE = YES_ERROR;
				GCC_WARN_UNDECLARED_SELECTOR = YES;
				GCC_WARN_UNINITIALIZED_AUTOS = YES;
				GCC_WARN_UNUSED_FUNCTION = YES;
				GCC_WARN_UNUSED_VARIABLE = YES;
				IPHONEOS_DEPLOYMENT_TARGET = 7.0;
				SDKROOT = iphoneos;
				VALIDATE_PRODUCT = YES;
			};
			name = Release;
		};
		50CDA38C18A84361006D8C60 /* Debug */ = {
			isa = XCBuildConfiguration;
			buildSettings = {
				ASSETCATALOG_COMPILER_APPICON_NAME = AppIcon;
				ASSETCATALOG_COMPILER_LAUNCHIMAGE_NAME = LaunchImage;
				GCC_PRECOMPILE_PREFIX_HEADER = YES;
				GCC_PREFIX_HEADER = "TravelAndBook/TravelAndBook-Prefix.pch";
				INFOPLIST_FILE = "TravelAndBook/TravelAndBook-Info.plist";
				PRODUCT_NAME = "$(TARGET_NAME)";
				WRAPPER_EXTENSION = app;
			};
			name = Debug;
		};
		50CDA38D18A84361006D8C60 /* Release */ = {
			isa = XCBuildConfiguration;
			buildSettings = {
				ASSETCATALOG_COMPILER_APPICON_NAME = AppIcon;
				ASSETCATALOG_COMPILER_LAUNCHIMAGE_NAME = LaunchImage;
				GCC_PRECOMPILE_PREFIX_HEADER = YES;
				GCC_PREFIX_HEADER = "TravelAndBook/TravelAndBook-Prefix.pch";
				INFOPLIST_FILE = "TravelAndBook/TravelAndBook-Info.plist";
				PRODUCT_NAME = "$(TARGET_NAME)";
				WRAPPER_EXTENSION = app;
			};
			name = Release;
		};
		50CDA38F18A84361006D8C60 /* Debug */ = {
			isa = XCBuildConfiguration;
			buildSettings = {
				ARCHS = "$(ARCHS_STANDARD_INCLUDING_64_BIT)";
				BUNDLE_LOADER = "$(BUILT_PRODUCTS_DIR)/TravelAndBook.app/TravelAndBook";
				FRAMEWORK_SEARCH_PATHS = (
					"$(SDKROOT)/Developer/Library/Frameworks",
					"$(inherited)",
					"$(DEVELOPER_FRAMEWORKS_DIR)",
				);
				GCC_PRECOMPILE_PREFIX_HEADER = YES;
				GCC_PREFIX_HEADER = "TravelAndBook/TravelAndBook-Prefix.pch";
				GCC_PREPROCESSOR_DEFINITIONS = (
					"DEBUG=1",
					"$(inherited)",
				);
				INFOPLIST_FILE = "TravelAndBookTests/TravelAndBookTests-Info.plist";
				PRODUCT_NAME = "$(TARGET_NAME)";
				TEST_HOST = "$(BUNDLE_LOADER)";
				WRAPPER_EXTENSION = xctest;
			};
			name = Debug;
		};
		50CDA39018A84361006D8C60 /* Release */ = {
			isa = XCBuildConfiguration;
			buildSettings = {
				ARCHS = "$(ARCHS_STANDARD_INCLUDING_64_BIT)";
				BUNDLE_LOADER = "$(BUILT_PRODUCTS_DIR)/TravelAndBook.app/TravelAndBook";
				FRAMEWORK_SEARCH_PATHS = (
					"$(SDKROOT)/Developer/Library/Frameworks",
					"$(inherited)",
					"$(DEVELOPER_FRAMEWORKS_DIR)",
				);
				GCC_PRECOMPILE_PREFIX_HEADER = YES;
				GCC_PREFIX_HEADER = "TravelAndBook/TravelAndBook-Prefix.pch";
				INFOPLIST_FILE = "TravelAndBookTests/TravelAndBookTests-Info.plist";
				PRODUCT_NAME = "$(TARGET_NAME)";
				TEST_HOST = "$(BUNDLE_LOADER)";
				WRAPPER_EXTENSION = xctest;
			};
			name = Release;
		};
/* End XCBuildConfiguration section */

/* Begin XCConfigurationList section */
		50CDA35118A84360006D8C60 /* Build configuration list for PBXProject "TravelAndBook" */ = {
			isa = XCConfigurationList;
			buildConfigurations = (
				50CDA38918A84361006D8C60 /* Debug */,
				50CDA38A18A84361006D8C60 /* Release */,
			);
			defaultConfigurationIsVisible = 0;
			defaultConfigurationName = Release;
		};
		50CDA38B18A84361006D8C60 /* Build configuration list for PBXNativeTarget "TravelAndBook" */ = {
			isa = XCConfigurationList;
			buildConfigurations = (
				50CDA38C18A84361006D8C60 /* Debug */,
				50CDA38D18A84361006D8C60 /* Release */,
			);
			defaultConfigurationIsVisible = 0;
			defaultConfigurationName = Release;
		};
		50CDA38E18A84361006D8C60 /* Build configuration list for PBXNativeTarget "TravelAndBookTests" */ = {
			isa = XCConfigurationList;
			buildConfigurations = (
				50CDA38F18A84361006D8C60 /* Debug */,
				50CDA39018A84361006D8C60 /* Release */,
			);
			defaultConfigurationIsVisible = 0;
			defaultConfigurationName = Release;
		};
/* End XCConfigurationList section */
	};
	rootObject = 50CDA34E18A84360006D8C60 /* Project object */;
}
